
Microsoft Visual Studio Solution File, Format Version 12.00
# Visual Studio 15
VisualStudioVersion = 15.0.27130.2027
MinimumVisualStudioVersion = 10.0.40219.1
Project("{8BC9CEB8-8B4A-11D0-8D11-00A0C91BC942}") = "23", "23\23.vcxproj", "{F8373B79-C356-44A3-8C31-2EAE48D33B92}"
EndProject
Project("{8BC9CEB8-8B4A-11D0-8D11-00A0C91BC942}") = "no4", "no4\no4.vcxproj", "{50572B3D-3D53-4843-9AF4-1D018A1F57C8}"
EndProject
Project("{8BC9CEB8-8B4A-11D0-8D11-00A0C91BC942}") = "no5", "no5\no5.vcxproj", "{9577B7D8-6C55-4993-A160-B79421C6EC16}"
EndProject
Project("{8BC9CEB8-8B4A-11D0-8D11-00A0C91BC942}") = "no6", "no6\no6.vcxproj", "{2BC787C6-EB61-48F2-A1A9-0BAF9BADEA0F}"
EndProject
Project("{8BC9CEB8-8B4A-11D0-8D11-00A0C91BC942}") = "no7", "no7\no7.vcxproj", "{91466713-391A-462D-90C7-1B2B92BCDE83}"
EndProject
Project("{8BC9CEB8-8B4A-11D0-8D11-00A0C91BC942}") = "no8", "no8\no8.vcxproj", "{2819BB62-BB0B-4281-B74D-13673D09539B}"
EndProject
Project("{8BC9CEB8-8B4A-11D0-8D11-00A0C91BC942}") = "no9", "no9\no9.vcxproj", "{6D4BDA0E-721F-4E9B-9DD9-866623207874}"
EndProject
Project("{8BC9CEB8-8B4A-11D0-8D11-00A0C91BC942}") = "no10", "no10\no10.vcxproj", "{CB0E4489-31B3-4C4B-80D6-52B81B88DDB3}"
EndProject
Project("{8BC9CEB8-8B4A-11D0-8D11-00A0C91BC942}") = "no11", "no11\no11.vcxproj", "{BF8A7D69-1503-4251-98A4-066DCA860BC3}"
EndProject
Project("{8BC9CEB8-8B4A-11D0-8D11-00A0C91BC942}") = "no12", "no12\no12.vcxproj", "{5B1FDE05-60CD-49CE-9C9C-F8B3244D3233}"
EndProject
Project("{8BC9CEB8-8B4A-11D0-8D11-00A0C91BC942}") = "no13", "no13\no13.vcxproj", "{EF5CA220-285E-43BB-9AE8-0F216598C2C6}"
EndProject
Global
	GlobalSection(SolutionConfigurationPlatforms) = preSolution
		Debug|x64 = Debug|x64
		Debug|x86 = Debug|x86
		Release|x64 = Release|x64
		Release|x86 = Release|x86
	EndGlobalSection
	GlobalSection(ProjectConfigurationPlatforms) = postSolution
		{F8373B79-C356-44A3-8C31-2EAE48D33B92}.Debug|x64.ActiveCfg = Debug|x64
		{F8373B79-C356-44A3-8C31-2EAE48D33B92}.Debug|x64.Build.0 = Debug|x64
		{F8373B79-C356-44A3-8C31-2EAE48D33B92}.Debug|x86.ActiveCfg = Debug|Win32
		{F8373B79-C356-44A3-8C31-2EAE48D33B92}.Debug|x86.Build.0 = Debug|Win32
		{F8373B79-C356-44A3-8C31-2EAE48D33B92}.Release|x64.ActiveCfg = Release|x64
		{F8373B79-C356-44A3-8C31-2EAE48D33B92}.Release|x64.Build.0 = Release|x64
		{F8373B79-C356-44A3-8C31-2EAE48D33B92}.Release|x86.ActiveCfg = Release|Win32
		{F8373B79-C356-44A3-8C31-2EAE48D33B92}.Release|x86.Build.0 = Release|Win32
		{50572B3D-3D53-4843-9AF4-1D018A1F57C8}.Debug|x64.ActiveCfg = Debug|x64
		{50572B3D-3D53-4843-9AF4-1D018A1F57C8}.Debug|x64.Build.0 = Debug|x64
		{50572B3D-3D53-4843-9AF4-1D018A1F57C8}.Debug|x86.ActiveCfg = Debug|Win32
		{50572B3D-3D53-4843-9AF4-1D018A1F57C8}.Debug|x86.Build.0 = Debug|Win32
		{50572B3D-3D53-4843-9AF4-1D018A1F57C8}.Release|x64.ActiveCfg = Release|x64
		{50572B3D-3D53-4843-9AF4-1D018A1F57C8}.Release|x64.Build.0 = Release|x64
		{50572B3D-3D53-4843-9AF4-1D018A1F57C8}.Release|x86.ActiveCfg = Release|Win32
		{50572B3D-3D53-4843-9AF4-1D018A1F57C8}.Release|x86.Build.0 = Release|Win32
		{9577B7D8-6C55-4993-A160-B79421C6EC16}.Debug|x64.ActiveCfg = Debug|x64
		{9577B7D8-6C55-4993-A160-B79421C6EC16}.Debug|x64.Build.0 = Debug|x64
		{9577B7D8-6C55-4993-A160-B79421C6EC16}.Debug|x86.ActiveCfg = Debug|Win32
		{9577B7D8-6C55-4993-A160-B79421C6EC16}.Debug|x86.Build.0 = Debug|Win32
		{9577B7D8-6C55-4993-A160-B79421C6EC16}.Release|x64.ActiveCfg = Release|x64
		{9577B7D8-6C55-4993-A160-B79421C6EC16}.Release|x64.Build.0 = Release|x64
		{9577B7D8-6C55-4993-A160-B79421C6EC16}.Release|x86.ActiveCfg = Release|Win32
		{9577B7D8-6C55-4993-A160-B79421C6EC16}.Release|x86.Build.0 = Release|Win32
		{2BC787C6-EB61-48F2-A1A9-0BAF9BADEA0F}.Debug|x64.ActiveCfg = Debug|x64
		{2BC787C6-EB61-48F2-A1A9-0BAF9BADEA0F}.Debug|x64.Build.0 = Debug|x64
		{2BC787C6-EB61-48F2-A1A9-0BAF9BADEA0F}.Debug|x86.ActiveCfg = Debug|Win32
		{2BC787C6-EB61-48F2-A1A9-0BAF9BADEA0F}.Debug|x86.Build.0 = Debug|Win32
		{2BC787C6-EB61-48F2-A1A9-0BAF9BADEA0F}.Release|x64.ActiveCfg = Release|x64
		{2BC787C6-EB61-48F2-A1A9-0BAF9BADEA0F}.Release|x64.Build.0 = Release|x64
		{2BC787C6-EB61-48F2-A1A9-0BAF9BADEA0F}.Release|x86.ActiveCfg = Release|Win32
		{2BC787C6-EB61-48F2-A1A9-0BAF9BADEA0F}.Release|x86.Build.0 = Release|Win32
		{91466713-391A-462D-90C7-1B2B92BCDE83}.Debug|x64.ActiveCfg = Debug|x64
		{91466713-391A-462D-90C7-1B2B92BCDE83}.Debug|x64.Build.0 = Debug|x64
		{91466713-391A-462D-90C7-1B2B92BCDE83}.Debug|x86.ActiveCfg = Debug|Win32
		{91466713-391A-462D-90C7-1B2B92BCDE83}.Debug|x86.Build.0 = Debug|Win32
		{91466713-391A-462D-90C7-1B2B92BCDE83}.Release|x64.ActiveCfg = Release|x64
		{91466713-391A-462D-90C7-1B2B92BCDE83}.Release|x64.Build.0 = Release|x64
		{91466713-391A-462D-90C7-1B2B92BCDE83}.Release|x86.ActiveCfg = Release|Win32
		{91466713-391A-462D-90C7-1B2B92BCDE83}.Release|x86.Build.0 = Release|Win32
		{2819BB62-BB0B-4281-B74D-13673D09539B}.Debug|x64.ActiveCfg = Debug|x64
		{2819BB62-BB0B-4281-B74D-13673D09539B}.Debug|x64.Build.0 = Debug|x64
		{2819BB62-BB0B-4281-B74D-13673D09539B}.Debug|x86.ActiveCfg = Debug|Win32
		{2819BB62-BB0B-4281-B74D-13673D09539B}.Debug|x86.Build.0 = Debug|Win32
		{2819BB62-BB0B-4281-B74D-13673D09539B}.Release|x64.ActiveCfg = Release|x64
		{2819BB62-BB0B-4281-B74D-13673D09539B}.Release|x64.Build.0 = Release|x64
		{2819BB62-BB0B-4281-B74D-13673D09539B}.Release|x86.ActiveCfg = Release|Win32
		{2819BB62-BB0B-4281-B74D-13673D09539B}.Release|x86.Build.0 = Release|Win32
		{6D4BDA0E-721F-4E9B-9DD9-866623207874}.Debug|x64.ActiveCfg = Debug|x64
		{6D4BDA0E-721F-4E9B-9DD9-866623207874}.Debug|x64.Build.0 = Debug|x64
		{6D4BDA0E-721F-4E9B-9DD9-866623207874}.Debug|x86.ActiveCfg = Debug|Win32
		{6D4BDA0E-721F-4E9B-9DD9-866623207874}.Debug|x86.Build.0 = Debug|Win32
		{6D4BDA0E-721F-4E9B-9DD9-866623207874}.Release|x64.ActiveCfg = Release|x64
		{6D4BDA0E-721F-4E9B-9DD9-866623207874}.Release|x64.Build.0 = Release|x64
		{6D4BDA0E-721F-4E9B-9DD9-866623207874}.Release|x86.ActiveCfg = Release|Win32
		{6D4BDA0E-721F-4E9B-9DD9-866623207874}.Release|x86.Build.0 = Release|Win32
		{CB0E4489-31B3-4C4B-80D6-52B81B88DDB3}.Debug|x64.ActiveCfg = Debug|x64
		{CB0E4489-31B3-4C4B-80D6-52B81B88DDB3}.Debug|x64.Build.0 = Debug|x64
		{CB0E4489-31B3-4C4B-80D6-52B81B88DDB3}.Debug|x86.ActiveCfg = Debug|Win32
		{CB0E4489-31B3-4C4B-80D6-52B81B88DDB3}.Debug|x86.Build.0 = Debug|Win32
		{CB0E4489-31B3-4C4B-80D6-52B81B88DDB3}.Release|x64.ActiveCfg = Release|x64
		{CB0E4489-31B3-4C4B-80D6-52B81B88DDB3}.Release|x64.Build.0 = Release|x64
		{CB0E4489-31B3-4C4B-80D6-52B81B88DDB3}.Release|x86.ActiveCfg = Release|Win32
		{CB0E4489-31B3-4C4B-80D6-52B81B88DDB3}.Release|x86.Build.0 = Release|Win32
		{BF8A7D69-1503-4251-98A4-066DCA860BC3}.Debug|x64.ActiveCfg = Debug|x64
		{BF8A7D69-1503-4251-98A4-066DCA860BC3}.Debug|x64.Build.0 = Debug|x64
		{BF8A7D69-1503-4251-98A4-066DCA860BC3}.Debug|x86.ActiveCfg = Debug|Win32
		{BF8A7D69-1503-4251-98A4-066DCA860BC3}.Debug|x86.Build.0 = Debug|Win32
		{BF8A7D69-1503-4251-98A4-066DCA860BC3}.Release|x64.ActiveCfg = Release|x64
		{BF8A7D69-1503-4251-98A4-066DCA860BC3}.Release|x64.Build.0 = Release|x64
		{BF8A7D69-1503-4251-98A4-066DCA860BC3}.Release|x86.ActiveCfg = Release|Win32
		{BF8A7D69-1503-4251-98A4-066DCA860BC3}.Release|x86.Build.0 = Release|Win32
		{5B1FDE05-60CD-49CE-9C9C-F8B3244D3233}.Debug|x64.ActiveCfg = Debug|x64
		{5B1FDE05-60CD-49CE-9C9C-F8B3244D3233}.Debug|x64.Build.0 = Debug|x64
		{5B1FDE05-60CD-49CE-9C9C-F8B3244D3233}.Debug|x86.ActiveCfg = Debug|Win32
		{5B1FDE05-60CD-49CE-9C9C-F8B3244D3233}.Debug|x86.Build.0 = Debug|Win32
		{5B1FDE05-60CD-49CE-9C9C-F8B3244D3233}.Release|x64.ActiveCfg = Release|x64
		{5B1FDE05-60CD-49CE-9C9C-F8B3244D3233}.Release|x64.Build.0 = Release|x64
		{5B1FDE05-60CD-49CE-9C9C-F8B3244D3233}.Release|x86.ActiveCfg = Release|Win32
		{5B1FDE05-60CD-49CE-9C9C-F8B3244D3233}.Release|x86.Build.0 = Release|Win32
		{EF5CA220-285E-43BB-9AE8-0F216598C2C6}.Debug|x64.ActiveCfg = Debug|x64
		{EF5CA220-285E-43BB-9AE8-0F216598C2C6}.Debug|x64.Build.0 = Debug|x64
		{EF5CA220-285E-43BB-9AE8-0F216598C2C6}.Debug|x86.ActiveCfg = Debug|Win32
		{EF5CA220-285E-43BB-9AE8-0F216598C2C6}.Debug|x86.Build.0 = Debug|Win32
		{EF5CA220-285E-43BB-9AE8-0F216598C2C6}.Release|x64.ActiveCfg = Release|x64
		{EF5CA220-285E-43BB-9AE8-0F216598C2C6}.Release|x64.Build.0 = Release|x64
		{EF5CA220-285E-43BB-9AE8-0F216598C2C6}.Release|x86.ActiveCfg = Release|Win32
		{EF5CA220-285E-43BB-9AE8-0F216598C2C6}.Release|x86.Build.0 = Release|Win32
	EndGlobalSection
	GlobalSection(SolutionProperties) = preSolution
		HideSolutionNode = FALSE
	EndGlobalSection
	GlobalSection(ExtensibilityGlobals) = postSolution
		SolutionGuid = {0EE9D2F5-4AE9-485C-93EC-F70C33951406}
	EndGlobalSection
EndGlobal
