<?xml version="1.0" encoding="utf-8"?>
<Project ToolsVersion="4.0" xmlns="http://schemas.microsoft.com/developer/msbuild/2003">
  <ItemGroup>
    <Filter Include="lab1">
      <UniqueIdentifier>{b3c53cfd-5f7b-4836-90f8-4ca9471dc2f6}</UniqueIdentifier>
    </Filter>
    <Filter Include="lab2">
      <UniqueIdentifier>{1de62ed7-0058-4bda-aaff-546c325a2e66}</UniqueIdentifier>
    </Filter>
    <Filter Include="lab3">
      <UniqueIdentifier>{0c710807-825e-40d8-aa81-4449fcd52a2e}</UniqueIdentifier>
    </Filter>
    <Filter Include="lab4">
      <UniqueIdentifier>{e7703136-cf03-4074-9cbe-c90aee9e4634}</UniqueIdentifier>
    </Filter>
    <Filter Include="common">
      <UniqueIdentifier>{ea0b1ff8-80aa-4a23-8d08-c16601bd3307}</UniqueIdentifier>
    </Filter>
    <Filter Include="lab5">
      <UniqueIdentifier>{122d5df7-3bb5-4e7e-bd59-af71c12f2a5c}</UniqueIdentifier>
    </Filter>
    <Filter Include="lab5\lab6">
      <UniqueIdentifier>{2387165b-6b11-4cd5-a923-731b866f2c29}</UniqueIdentifier>
    </Filter>
    <Filter Include="lab7">
      <UniqueIdentifier>{a87908dd-a534-4489-9062-f549bbbb5df3}</UniqueIdentifier>
    </Filter>
  </ItemGroup>
  <ItemGroup>
    <ClCompile Include="lab1.cpp">
      <Filter>lab1</Filter>
    </ClCompile>
    <ClCompile Include="lab2.cpp">
      <Filter>lab2</Filter>
    </ClCompile>
    <ClCompile Include="lab3.cpp">
      <Filter>lab3</Filter>
    </ClCompile>
    <ClCompile Include="main.cpp">
      <Filter>common</Filter>
    </ClCompile>
    <ClCompile Include="DoubleLinkedList.cpp">
      <Filter>lab4</Filter>
    </ClCompile>
    <ClCompile Include="MenuLab4.cpp">
      <Filter>lab4</Filter>
    </ClCompile>
    <ClCompile Include="StackPerson.cpp">
      <Filter>lab4</Filter>
    </ClCompile>
    <ClCompile Include="Person5.cpp">
      <Filter>lab5</Filter>
    </ClCompile>
    <ClCompile Include="PersonList.cpp">
      <Filter>lab5</Filter>
    </ClCompile>
    <ClCompile Include="lab5UI.cpp">
      <Filter>lab5</Filter>
    </ClCompile>
    <ClCompile Include="PersonListItem.cpp">
      <Filter>lab5</Filter>
    </ClCompile>
    <ClCompile Include="Child.cpp">
      <Filter>lab5\lab6</Filter>
    </ClCompile>
    <ClCompile Include="Adult.cpp">
      <Filter>lab5\lab6</Filter>
    </ClCompile>
  </ItemGroup>
  <ItemGroup>
    <ClInclude Include="lab1.h">
      <Filter>lab1</Filter>
    </ClInclude>
    <ClInclude Include="lab2.h">
      <Filter>lab2</Filter>
    </ClInclude>
    <ClInclude Include="CheckCin.h">
      <Filter>common</Filter>
    </ClInclude>
    <ClInclude Include="MenuLab3.h">
      <Filter>lab3</Filter>
    </ClInclude>
    <ClInclude Include="MenuLab4.h">
      <Filter>lab4</Filter>
    </ClInclude>
    <ClInclude Include="DoubleLinkedList.h">
      <Filter>lab4</Filter>
    </ClInclude>
    <ClInclude Include="lab3.h">
      <Filter>lab3</Filter>
    </ClInclude>
    <ClInclude Include="Person.h">
      <Filter>common</Filter>
    </ClInclude>
    <ClInclude Include="Node.h">
      <Filter>lab3</Filter>
    </ClInclude>
    <ClInclude Include="List.h">
      <Filter>lab4</Filter>
    </ClInclude>
    <ClInclude Include="StackPerson.h">
      <Filter>lab4</Filter>
    </ClInclude>
    <ClInclude Include="Stack.h">
      <Filter>lab4</Filter>
    </ClInclude>
    <ClInclude Include="MenuList.h">
      <Filter>lab4</Filter>
    </ClInclude>
    <ClInclude Include="MenuStack.h">
      <Filter>lab4</Filter>
    </ClInclude>
    <ClInclude Include="Person5.h">
      <Filter>lab5</Filter>
    </ClInclude>
    <ClInclude Include="PersonList.h">
      <Filter>lab5</Filter>
    </ClInclude>
    <ClInclude Include="PersonListItem.h">
      <Filter>lab5</Filter>
    </ClInclude>
    <ClInclude Include="lab5UI.h">
      <Filter>lab5</Filter>
    </ClInclude>
    <ClInclude Include="Sex.h">
      <Filter>lab1</Filter>
    </ClInclude>
    <ClInclude Include="PersonTools.h">
      <Filter>lab5</Filter>
    </ClInclude>
    <ClInclude Include="Child.h">
      <Filter>lab5\lab6</Filter>
    </ClInclude>
    <ClInclude Include="Adult.h">
      <Filter>lab5\lab6</Filter>
    </ClInclude>
    <ClInclude Include="FamilyTools.h">
      <Filter>lab5\lab6</Filter>
    </ClInclude>
  </ItemGroup>
</Project>